// !$*UTF8*$!
{
	archiveVersion = 1;
	classes = {
	};
	objectVersion = 56;
	objects = {

/* Begin PBXBuildFile section */
		600CFE302970397A00B49261 /* DatabaseManager.swift in Sources */ = {isa = PBXBuildFile; fileRef = 600CFE2F2970397A00B49261 /* DatabaseManager.swift */; };
		60B9767B297190A8009D35DA /* FirebaseAuth in Frameworks */ = {isa = PBXBuildFile; productRef = 60B9767A297190A8009D35DA /* FirebaseAuth */; };
		60B9767D297190A8009D35DA /* FirebaseDatabase in Frameworks */ = {isa = PBXBuildFile; productRef = 60B9767C297190A8009D35DA /* FirebaseDatabase */; };
		60B9767F297190A8009D35DA /* FirebaseFirestore in Frameworks */ = {isa = PBXBuildFile; productRef = 60B9767E297190A8009D35DA /* FirebaseFirestore */; };
		60B97681297190A8009D35DA /* FirebaseStorage in Frameworks */ = {isa = PBXBuildFile; productRef = 60B97680297190A8009D35DA /* FirebaseStorage */; };
		60B976842971918E009D35DA /* GoogleSignIn in Frameworks */ = {isa = PBXBuildFile; productRef = 60B976832971918E009D35DA /* GoogleSignIn */; };
		60B97687297199F8009D35DA /* MessageKit in Frameworks */ = {isa = PBXBuildFile; productRef = 60B97686297199F8009D35DA /* MessageKit */; };
		60B9768A29719A5C009D35DA /* JGProgressHUD in Frameworks */ = {isa = PBXBuildFile; productRef = 60B9768929719A5C009D35DA /* JGProgressHUD */; };
		60B9768D29719ABB009D35DA /* RealmSwift in Frameworks */ = {isa = PBXBuildFile; productRef = 60B9768C29719ABB009D35DA /* RealmSwift */; };
		60B9769029719AF4009D35DA /* SDWebImage in Frameworks */ = {isa = PBXBuildFile; productRef = 60B9768F29719AF4009D35DA /* SDWebImage */; };
		60B9769229719E79009D35DA /* ChatViewController.swift in Sources */ = {isa = PBXBuildFile; fileRef = 60B9769129719E79009D35DA /* ChatViewController.swift */; };
		60B976972971AD93009D35DA /* ConversationsModels.swift in Sources */ = {isa = PBXBuildFile; fileRef = 60B976932971AD92009D35DA /* ConversationsModels.swift */; };
		60B976982971AD93009D35DA /* ChatModels.swift in Sources */ = {isa = PBXBuildFile; fileRef = 60B976942971AD92009D35DA /* ChatModels.swift */; };
		60B976992971AD93009D35DA /* SearchResult.swift in Sources */ = {isa = PBXBuildFile; fileRef = 60B976952971AD92009D35DA /* SearchResult.swift */; };
		60B9769A2971AD93009D35DA /* ProfileViewModel.swift in Sources */ = {isa = PBXBuildFile; fileRef = 60B976962971AD92009D35DA /* ProfileViewModel.swift */; };
		60B9769E2971AE98009D35DA /* ConversationTableViewCell.swift in Sources */ = {isa = PBXBuildFile; fileRef = 60B9769D2971AE98009D35DA /* ConversationTableViewCell.swift */; };
		60B976A02971AEB1009D35DA /* NewConversationCell.swift in Sources */ = {isa = PBXBuildFile; fileRef = 60B9769F2971AEB1009D35DA /* NewConversationCell.swift */; };
		60B976A22971AF8F009D35DA /* StorageManager.swift in Sources */ = {isa = PBXBuildFile; fileRef = 60B976A12971AF8F009D35DA /* StorageManager.swift */; };
		60EEE503296DA35B009FC8BD /* AppDelegate.swift in Sources */ = {isa = PBXBuildFile; fileRef = 60EEE502296DA35B009FC8BD /* AppDelegate.swift */; };
		60EEE505296DA35B009FC8BD /* SceneDelegate.swift in Sources */ = {isa = PBXBuildFile; fileRef = 60EEE504296DA35B009FC8BD /* SceneDelegate.swift */; };
		60EEE507296DA35B009FC8BD /* ConversationsViewController.swift in Sources */ = {isa = PBXBuildFile; fileRef = 60EEE506296DA35B009FC8BD /* ConversationsViewController.swift */; };
		60EEE50A296DA35B009FC8BD /* Main.storyboard in Resources */ = {isa = PBXBuildFile; fileRef = 60EEE508296DA35B009FC8BD /* Main.storyboard */; };
		60EEE50C296DA35C009FC8BD /* Assets.xcassets in Resources */ = {isa = PBXBuildFile; fileRef = 60EEE50B296DA35C009FC8BD /* Assets.xcassets */; };
		60EEE50F296DA35C009FC8BD /* LaunchScreen.storyboard in Resources */ = {isa = PBXBuildFile; fileRef = 60EEE50D296DA35C009FC8BD /* LaunchScreen.storyboard */; };
		60EEE51E296DA5BB009FC8BD /* LoginViewController.swift in Sources */ = {isa = PBXBuildFile; fileRef = 60EEE51D296DA5BB009FC8BD /* LoginViewController.swift */; };
		60EEE520296DA5C9009FC8BD /* RegisterViewController.swift in Sources */ = {isa = PBXBuildFile; fileRef = 60EEE51F296DA5C9009FC8BD /* RegisterViewController.swift */; };
		60EEE522296DA5E0009FC8BD /* PhotoViewerViewController.swift in Sources */ = {isa = PBXBuildFile; fileRef = 60EEE521296DA5E0009FC8BD /* PhotoViewerViewController.swift */; };
		60EEE524296DA5EA009FC8BD /* VideoPlayerViewController.swift in Sources */ = {isa = PBXBuildFile; fileRef = 60EEE523296DA5EA009FC8BD /* VideoPlayerViewController.swift */; };
		60EEE526296DA5FA009FC8BD /* NewConversationViewController.swift in Sources */ = {isa = PBXBuildFile; fileRef = 60EEE525296DA5FA009FC8BD /* NewConversationViewController.swift */; };
		60EEE528296DA604009FC8BD /* ProfileViewViewController.swift in Sources */ = {isa = PBXBuildFile; fileRef = 60EEE527296DA604009FC8BD /* ProfileViewViewController.swift */; };
		60EEE52D296DAC43009FC8BD /* Extentions.swift in Sources */ = {isa = PBXBuildFile; fileRef = 60EEE52C296DAC43009FC8BD /* Extentions.swift */; };
		60EEE537296F0AAB009FC8BD /* GoogleService-Info.plist in Resources */ = {isa = PBXBuildFile; fileRef = 60EEE536296F0AAB009FC8BD /* GoogleService-Info.plist */; };
/* End PBXBuildFile section */

/* Begin PBXFileReference section */
		600CFE2F2970397A00B49261 /* DatabaseManager.swift */ = {isa = PBXFileReference; lastKnownFileType = sourcecode.swift; path = DatabaseManager.swift; sourceTree = "<group>"; };
		60B9769129719E79009D35DA /* ChatViewController.swift */ = {isa = PBXFileReference; lastKnownFileType = sourcecode.swift; path = ChatViewController.swift; sourceTree = "<group>"; };
		60B976932971AD92009D35DA /* ConversationsModels.swift */ = {isa = PBXFileReference; fileEncoding = 4; lastKnownFileType = sourcecode.swift; path = ConversationsModels.swift; sourceTree = "<group>"; };
		60B976942971AD92009D35DA /* ChatModels.swift */ = {isa = PBXFileReference; fileEncoding = 4; lastKnownFileType = sourcecode.swift; path = ChatModels.swift; sourceTree = "<group>"; };
		60B976952971AD92009D35DA /* SearchResult.swift */ = {isa = PBXFileReference; fileEncoding = 4; lastKnownFileType = sourcecode.swift; path = SearchResult.swift; sourceTree = "<group>"; };
		60B976962971AD92009D35DA /* ProfileViewModel.swift */ = {isa = PBXFileReference; fileEncoding = 4; lastKnownFileType = sourcecode.swift; path = ProfileViewModel.swift; sourceTree = "<group>"; };
		60B9769D2971AE98009D35DA /* ConversationTableViewCell.swift */ = {isa = PBXFileReference; lastKnownFileType = sourcecode.swift; path = ConversationTableViewCell.swift; sourceTree = "<group>"; };
		60B9769F2971AEB1009D35DA /* NewConversationCell.swift */ = {isa = PBXFileReference; lastKnownFileType = sourcecode.swift; path = NewConversationCell.swift; sourceTree = "<group>"; };
		60B976A12971AF8F009D35DA /* StorageManager.swift */ = {isa = PBXFileReference; lastKnownFileType = sourcecode.swift; path = StorageManager.swift; sourceTree = "<group>"; };
		60EEE4FF296DA35B009FC8BD /* ChatApp.app */ = {isa = PBXFileReference; explicitFileType = wrapper.application; includeInIndex = 0; path = ChatApp.app; sourceTree = BUILT_PRODUCTS_DIR; };
		60EEE502296DA35B009FC8BD /* AppDelegate.swift */ = {isa = PBXFileReference; lastKnownFileType = sourcecode.swift; path = AppDelegate.swift; sourceTree = "<group>"; };
		60EEE504296DA35B009FC8BD /* SceneDelegate.swift */ = {isa = PBXFileReference; lastKnownFileType = sourcecode.swift; path = SceneDelegate.swift; sourceTree = "<group>"; };
		60EEE506296DA35B009FC8BD /* ConversationsViewController.swift */ = {isa = PBXFileReference; lastKnownFileType = sourcecode.swift; path = ConversationsViewController.swift; sourceTree = "<group>"; };
		60EEE509296DA35B009FC8BD /* Base */ = {isa = PBXFileReference; lastKnownFileType = file.storyboard; name = Base; path = Base.lproj/Main.storyboard; sourceTree = "<group>"; };
		60EEE50B296DA35C009FC8BD /* Assets.xcassets */ = {isa = PBXFileReference; lastKnownFileType = folder.assetcatalog; path = Assets.xcassets; sourceTree = "<group>"; };
		60EEE50E296DA35C009FC8BD /* Base */ = {isa = PBXFileReference; lastKnownFileType = file.storyboard; name = Base; path = Base.lproj/LaunchScreen.storyboard; sourceTree = "<group>"; };
		60EEE510296DA35C009FC8BD /* Info.plist */ = {isa = PBXFileReference; lastKnownFileType = text.plist.xml; path = Info.plist; sourceTree = "<group>"; };
		60EEE51D296DA5BB009FC8BD /* LoginViewController.swift */ = {isa = PBXFileReference; lastKnownFileType = sourcecode.swift; path = LoginViewController.swift; sourceTree = "<group>"; };
		60EEE51F296DA5C9009FC8BD /* RegisterViewController.swift */ = {isa = PBXFileReference; lastKnownFileType = sourcecode.swift; path = RegisterViewController.swift; sourceTree = "<group>"; };
		60EEE521296DA5E0009FC8BD /* PhotoViewerViewController.swift */ = {isa = PBXFileReference; lastKnownFileType = sourcecode.swift; path = PhotoViewerViewController.swift; sourceTree = "<group>"; };
		60EEE523296DA5EA009FC8BD /* VideoPlayerViewController.swift */ = {isa = PBXFileReference; lastKnownFileType = sourcecode.swift; path = VideoPlayerViewController.swift; sourceTree = "<group>"; };
		60EEE525296DA5FA009FC8BD /* NewConversationViewController.swift */ = {isa = PBXFileReference; lastKnownFileType = sourcecode.swift; path = NewConversationViewController.swift; sourceTree = "<group>"; };
		60EEE527296DA604009FC8BD /* ProfileViewViewController.swift */ = {isa = PBXFileReference; lastKnownFileType = sourcecode.swift; path = ProfileViewViewController.swift; sourceTree = "<group>"; };
		60EEE52C296DAC43009FC8BD /* Extentions.swift */ = {isa = PBXFileReference; lastKnownFileType = sourcecode.swift; path = Extentions.swift; sourceTree = "<group>"; };
		60EEE536296F0AAB009FC8BD /* GoogleService-Info.plist */ = {isa = PBXFileReference; fileEncoding = 4; lastKnownFileType = text.plist.xml; path = "GoogleService-Info.plist"; sourceTree = "<group>"; };
/* End PBXFileReference section */

/* Begin PBXFrameworksBuildPhase section */
		60EEE4FC296DA35B009FC8BD /* Frameworks */ = {
			isa = PBXFrameworksBuildPhase;
			buildActionMask = 2147483647;
			files = (
				60B9768D29719ABB009D35DA /* RealmSwift in Frameworks */,
				60B976842971918E009D35DA /* GoogleSignIn in Frameworks */,
				60B9768A29719A5C009D35DA /* JGProgressHUD in Frameworks */,
				60B9767D297190A8009D35DA /* FirebaseDatabase in Frameworks */,
				60B97681297190A8009D35DA /* FirebaseStorage in Frameworks */,
				60B97687297199F8009D35DA /* MessageKit in Frameworks */,
				60B9769029719AF4009D35DA /* SDWebImage in Frameworks */,
				60B9767B297190A8009D35DA /* FirebaseAuth in Frameworks */,
				60B9767F297190A8009D35DA /* FirebaseFirestore in Frameworks */,
			);
			runOnlyForDeploymentPostprocessing = 0;
		};
/* End PBXFrameworksBuildPhase section */

/* Begin PBXGroup section */
		60EEE4F6296DA35B009FC8BD = {
			isa = PBXGroup;
			children = (
				60EEE501296DA35B009FC8BD /* ChatApp */,
				60EEE500296DA35B009FC8BD /* Products */,
			);
			sourceTree = "<group>";
		};
		60EEE500296DA35B009FC8BD /* Products */ = {
			isa = PBXGroup;
			children = (
				60EEE4FF296DA35B009FC8BD /* ChatApp.app */,
			);
			name = Products;
			sourceTree = "<group>";
		};
		60EEE501296DA35B009FC8BD /* ChatApp */ = {
			isa = PBXGroup;
			children = (
				60EEE536296F0AAB009FC8BD /* GoogleService-Info.plist */,
				60EEE52A296DA722009FC8BD /* ViewModels */,
				60EEE519296DA378009FC8BD /* Resources */,
				60EEE516296DA362009FC8BD /* Models */,
				60EEE51A296DA382009FC8BD /* Views */,
				60EEE517296DA36A009FC8BD /* Controllers */,
				60EEE510296DA35C009FC8BD /* Info.plist */,
			);
			path = ChatApp;
			sourceTree = "<group>";
		};
		60EEE516296DA362009FC8BD /* Models */ = {
			isa = PBXGroup;
			children = (
				60B976942971AD92009D35DA /* ChatModels.swift */,
				60B976932971AD92009D35DA /* ConversationsModels.swift */,
				60B976962971AD92009D35DA /* ProfileViewModel.swift */,
				60B976952971AD92009D35DA /* SearchResult.swift */,
			);
			path = Models;
			sourceTree = "<group>";
		};
		60EEE517296DA36A009FC8BD /* Controllers */ = {
			isa = PBXGroup;
			children = (
				60EEE506296DA35B009FC8BD /* ConversationsViewController.swift */,
				60EEE52B296DA74B009FC8BD /* Login */,
				60EEE521296DA5E0009FC8BD /* PhotoViewerViewController.swift */,
				60EEE523296DA5EA009FC8BD /* VideoPlayerViewController.swift */,
				60EEE525296DA5FA009FC8BD /* NewConversationViewController.swift */,
				60B9769129719E79009D35DA /* ChatViewController.swift */,
				60EEE527296DA604009FC8BD /* ProfileViewViewController.swift */,
			);
			path = Controllers;
			sourceTree = "<group>";
		};
		60EEE519296DA378009FC8BD /* Resources */ = {
			isa = PBXGroup;
			children = (
				60EEE502296DA35B009FC8BD /* AppDelegate.swift */,
				60EEE504296DA35B009FC8BD /* SceneDelegate.swift */,
				60EEE52C296DAC43009FC8BD /* Extentions.swift */,
				600CFE2F2970397A00B49261 /* DatabaseManager.swift */,
				60B976A12971AF8F009D35DA /* StorageManager.swift */,
			);
			path = Resources;
			sourceTree = "<group>";
		};
		60EEE51A296DA382009FC8BD /* Views */ = {
			isa = PBXGroup;
			children = (
				60EEE51C296DA3EA009FC8BD /* Stroyboards */,
				60EEE50B296DA35C009FC8BD /* Assets.xcassets */,
				60B9769D2971AE98009D35DA /* ConversationTableViewCell.swift */,
				60B9769F2971AEB1009D35DA /* NewConversationCell.swift */,
			);
			path = Views;
			sourceTree = "<group>";
		};
		60EEE51C296DA3EA009FC8BD /* Stroyboards */ = {
			isa = PBXGroup;
			children = (
				60EEE508296DA35B009FC8BD /* Main.storyboard */,
				60EEE50D296DA35C009FC8BD /* LaunchScreen.storyboard */,
			);
			path = Stroyboards;
			sourceTree = "<group>";
		};
		60EEE52A296DA722009FC8BD /* ViewModels */ = {
			isa = PBXGroup;
			children = (
			);
			path = ViewModels;
			sourceTree = "<group>";
		};
		60EEE52B296DA74B009FC8BD /* Login */ = {
			isa = PBXGroup;
			children = (
				60EEE51D296DA5BB009FC8BD /* LoginViewController.swift */,
				60EEE51F296DA5C9009FC8BD /* RegisterViewController.swift */,
			);
			path = Login;
			sourceTree = "<group>";
		};
/* End PBXGroup section */

/* Begin PBXNativeTarget section */
		60EEE4FE296DA35B009FC8BD /* ChatApp */ = {
			isa = PBXNativeTarget;
			buildConfigurationList = 60EEE513296DA35C009FC8BD /* Build configuration list for PBXNativeTarget "ChatApp" */;
			buildPhases = (
				60EEE4FB296DA35B009FC8BD /* Sources */,
				60EEE4FC296DA35B009FC8BD /* Frameworks */,
				60EEE4FD296DA35B009FC8BD /* Resources */,
			);
			buildRules = (
			);
			dependencies = (
			);
			name = ChatApp;
			packageProductDependencies = (
				60B9767A297190A8009D35DA /* FirebaseAuth */,
				60B9767C297190A8009D35DA /* FirebaseDatabase */,
				60B9767E297190A8009D35DA /* FirebaseFirestore */,
				60B97680297190A8009D35DA /* FirebaseStorage */,
				60B976832971918E009D35DA /* GoogleSignIn */,
				60B97686297199F8009D35DA /* MessageKit */,
				60B9768929719A5C009D35DA /* JGProgressHUD */,
				60B9768C29719ABB009D35DA /* RealmSwift */,
				60B9768F29719AF4009D35DA /* SDWebImage */,
			);
			productName = ChatApp;
			productReference = 60EEE4FF296DA35B009FC8BD /* ChatApp.app */;
			productType = "com.apple.product-type.application";
		};
/* End PBXNativeTarget section */

/* Begin PBXProject section */
		60EEE4F7296DA35B009FC8BD /* Project object */ = {
			isa = PBXProject;
			attributes = {
				BuildIndependentTargetsInParallel = 1;
				LastSwiftUpdateCheck = 1420;
				LastUpgradeCheck = 1420;
				TargetAttributes = {
					60EEE4FE296DA35B009FC8BD = {
						CreatedOnToolsVersion = 14.2;
					};
				};
			};
			buildConfigurationList = 60EEE4FA296DA35B009FC8BD /* Build configuration list for PBXProject "ChatApp" */;
			compatibilityVersion = "Xcode 14.0";
			developmentRegion = en;
			hasScannedForEncodings = 0;
			knownRegions = (
				en,
				Base,
			);
			mainGroup = 60EEE4F6296DA35B009FC8BD;
			packageReferences = (
				60B97679297190A8009D35DA /* XCRemoteSwiftPackageReference "firebase-ios-sdk" */,
				60B976822971918E009D35DA /* XCRemoteSwiftPackageReference "GoogleSignIn-iOS" */,
				60B97685297199F8009D35DA /* XCRemoteSwiftPackageReference "MessageKit" */,
				60B9768829719A5C009D35DA /* XCRemoteSwiftPackageReference "JGProgressHUD" */,
				60B9768B29719ABB009D35DA /* XCRemoteSwiftPackageReference "realm-swift" */,
				60B9768E29719AF4009D35DA /* XCRemoteSwiftPackageReference "SDWebImage" */,
			);
			productRefGroup = 60EEE500296DA35B009FC8BD /* Products */;
			projectDirPath = "";
			projectRoot = "";
			targets = (
				60EEE4FE296DA35B009FC8BD /* ChatApp */,
			);
		};
/* End PBXProject section */

/* Begin PBXResourcesBuildPhase section */
		60EEE4FD296DA35B009FC8BD /* Resources */ = {
			isa = PBXResourcesBuildPhase;
			buildActionMask = 2147483647;
			files = (
				60EEE50F296DA35C009FC8BD /* LaunchScreen.storyboard in Resources */,
				60EEE537296F0AAB009FC8BD /* GoogleService-Info.plist in Resources */,
				60EEE50C296DA35C009FC8BD /* Assets.xcassets in Resources */,
				60EEE50A296DA35B009FC8BD /* Main.storyboard in Resources */,
			);
			runOnlyForDeploymentPostprocessing = 0;
		};
/* End PBXResourcesBuildPhase section */

/* Begin PBXSourcesBuildPhase section */
		60EEE4FB296DA35B009FC8BD /* Sources */ = {
			isa = PBXSourcesBuildPhase;
			buildActionMask = 2147483647;
			files = (
				60EEE51E296DA5BB009FC8BD /* LoginViewController.swift in Sources */,
				600CFE302970397A00B49261 /* DatabaseManager.swift in Sources */,
				60EEE520296DA5C9009FC8BD /* RegisterViewController.swift in Sources */,
				60B976982971AD93009D35DA /* ChatModels.swift in Sources */,
				60EEE52D296DAC43009FC8BD /* Extentions.swift in Sources */,
				60B976972971AD93009D35DA /* ConversationsModels.swift in Sources */,
				60B976A22971AF8F009D35DA /* StorageManager.swift in Sources */,
				60B976A02971AEB1009D35DA /* NewConversationCell.swift in Sources */,
				60EEE526296DA5FA009FC8BD /* NewConversationViewController.swift in Sources */,
				60B9769E2971AE98009D35DA /* ConversationTableViewCell.swift in Sources */,
				60B976992971AD93009D35DA /* SearchResult.swift in Sources */,
				60EEE507296DA35B009FC8BD /* ConversationsViewController.swift in Sources */,
				60EEE524296DA5EA009FC8BD /* VideoPlayerViewController.swift in Sources */,
				60EEE503296DA35B009FC8BD /* AppDelegate.swift in Sources */,
				60EEE528296DA604009FC8BD /* ProfileViewViewController.swift in Sources */,
				60EEE505296DA35B009FC8BD /* SceneDelegate.swift in Sources */,
				60B9769229719E79009D35DA /* ChatViewController.swift in Sources */,
				60B9769A2971AD93009D35DA /* ProfileViewModel.swift in Sources */,
				60EEE522296DA5E0009FC8BD /* PhotoViewerViewController.swift in Sources */,
			);
			runOnlyForDeploymentPostprocessing = 0;
		};
/* End PBXSourcesBuildPhase section */

/* Begin PBXVariantGroup section */
		60EEE508296DA35B009FC8BD /* Main.storyboard */ = {
			isa = PBXVariantGroup;
			children = (
				60EEE509296DA35B009FC8BD /* Base */,
			);
			name = Main.storyboard;
			sourceTree = "<group>";
		};
		60EEE50D296DA35C009FC8BD /* LaunchScreen.storyboard */ = {
			isa = PBXVariantGroup;
			children = (
				60EEE50E296DA35C009FC8BD /* Base */,
			);
			name = LaunchScreen.storyboard;
			sourceTree = "<group>";
		};
/* End PBXVariantGroup section */

/* Begin XCBuildConfiguration section */
		60EEE511296DA35C009FC8BD /* Debug */ = {
			isa = XCBuildConfiguration;
			buildSettings = {
				ALWAYS_SEARCH_USER_PATHS = NO;
				CLANG_ANALYZER_NONNULL = YES;
				CLANG_ANALYZER_NUMBER_OBJECT_CONVERSION = YES_AGGRESSIVE;
				CLANG_CXX_LANGUAGE_STANDARD = "gnu++20";
				CLANG_ENABLE_MODULES = YES;
				CLANG_ENABLE_OBJC_ARC = YES;
				CLANG_ENABLE_OBJC_WEAK = YES;
				CLANG_WARN_BLOCK_CAPTURE_AUTORELEASING = YES;
				CLANG_WARN_BOOL_CONVERSION = YES;
				CLANG_WARN_COMMA = YES;
				CLANG_WARN_CONSTANT_CONVERSION = YES;
				CLANG_WARN_DEPRECATED_OBJC_IMPLEMENTATIONS = YES;
				CLANG_WARN_DIRECT_OBJC_ISA_USAGE = YES_ERROR;
				CLANG_WARN_DOCUMENTATION_COMMENTS = YES;
				CLANG_WARN_EMPTY_BODY = YES;
				CLANG_WARN_ENUM_CONVERSION = YES;
				CLANG_WARN_INFINITE_RECURSION = YES;
				CLANG_WARN_INT_CONVERSION = YES;
				CLANG_WARN_NON_LITERAL_NULL_CONVERSION = YES;
				CLANG_WARN_OBJC_IMPLICIT_RETAIN_SELF = YES;
				CLANG_WARN_OBJC_LITERAL_CONVERSION = YES;
				CLANG_WARN_OBJC_ROOT_CLASS = YES_ERROR;
				CLANG_WARN_QUOTED_INCLUDE_IN_FRAMEWORK_HEADER = YES;
				CLANG_WARN_RANGE_LOOP_ANALYSIS = YES;
				CLANG_WARN_STRICT_PROTOTYPES = YES;
				CLANG_WARN_SUSPICIOUS_MOVE = YES;
				CLANG_WARN_UNGUARDED_AVAILABILITY = YES_AGGRESSIVE;
				CLANG_WARN_UNREACHABLE_CODE = YES;
				CLANG_WARN__DUPLICATE_METHOD_MATCH = YES;
				COPY_PHASE_STRIP = NO;
				DEBUG_INFORMATION_FORMAT = dwarf;
				ENABLE_STRICT_OBJC_MSGSEND = YES;
				ENABLE_TESTABILITY = YES;
				GCC_C_LANGUAGE_STANDARD = gnu11;
				GCC_DYNAMIC_NO_PIC = NO;
				GCC_NO_COMMON_BLOCKS = YES;
				GCC_OPTIMIZATION_LEVEL = 0;
				GCC_PREPROCESSOR_DEFINITIONS = (
					"DEBUG=1",
					"$(inherited)",
				);
				GCC_WARN_64_TO_32_BIT_CONVERSION = YES;
				GCC_WARN_ABOUT_RETURN_TYPE = YES_ERROR;
				GCC_WARN_UNDECLARED_SELECTOR = YES;
				GCC_WARN_UNINITIALIZED_AUTOS = YES_AGGRESSIVE;
				GCC_WARN_UNUSED_FUNCTION = YES;
				GCC_WARN_UNUSED_VARIABLE = YES;
				IPHONEOS_DEPLOYMENT_TARGET = 16.2;
				MTL_ENABLE_DEBUG_INFO = INCLUDE_SOURCE;
				MTL_FAST_MATH = YES;
				ONLY_ACTIVE_ARCH = YES;
				SDKROOT = iphoneos;
				SWIFT_ACTIVE_COMPILATION_CONDITIONS = DEBUG;
				SWIFT_OPTIMIZATION_LEVEL = "-Onone";
			};
			name = Debug;
		};
		60EEE512296DA35C009FC8BD /* Release */ = {
			isa = XCBuildConfiguration;
			buildSettings = {
				ALWAYS_SEARCH_USER_PATHS = NO;
				CLANG_ANALYZER_NONNULL = YES;
				CLANG_ANALYZER_NUMBER_OBJECT_CONVERSION = YES_AGGRESSIVE;
				CLANG_CXX_LANGUAGE_STANDARD = "gnu++20";
				CLANG_ENABLE_MODULES = YES;
				CLANG_ENABLE_OBJC_ARC = YES;
				CLANG_ENABLE_OBJC_WEAK = YES;
				CLANG_WARN_BLOCK_CAPTURE_AUTORELEASING = YES;
				CLANG_WARN_BOOL_CONVERSION = YES;
				CLANG_WARN_COMMA = YES;
				CLANG_WARN_CONSTANT_CONVERSION = YES;
				CLANG_WARN_DEPRECATED_OBJC_IMPLEMENTATIONS = YES;
				CLANG_WARN_DIRECT_OBJC_ISA_USAGE = YES_ERROR;
				CLANG_WARN_DOCUMENTATION_COMMENTS = YES;
				CLANG_WARN_EMPTY_BODY = YES;
				CLANG_WARN_ENUM_CONVERSION = YES;
				CLANG_WARN_INFINITE_RECURSION = YES;
				CLANG_WARN_INT_CONVERSION = YES;
				CLANG_WARN_NON_LITERAL_NULL_CONVERSION = YES;
				CLANG_WARN_OBJC_IMPLICIT_RETAIN_SELF = YES;
				CLANG_WARN_OBJC_LITERAL_CONVERSION = YES;
				CLANG_WARN_OBJC_ROOT_CLASS = YES_ERROR;
				CLANG_WARN_QUOTED_INCLUDE_IN_FRAMEWORK_HEADER = YES;
				CLANG_WARN_RANGE_LOOP_ANALYSIS = YES;
				CLANG_WARN_STRICT_PROTOTYPES = YES;
				CLANG_WARN_SUSPICIOUS_MOVE = YES;
				CLANG_WARN_UNGUARDED_AVAILABILITY = YES_AGGRESSIVE;
				CLANG_WARN_UNREACHABLE_CODE = YES;
				CLANG_WARN__DUPLICATE_METHOD_MATCH = YES;
				COPY_PHASE_STRIP = NO;
				DEBUG_INFORMATION_FORMAT = "dwarf-with-dsym";
				ENABLE_NS_ASSERTIONS = NO;
				ENABLE_STRICT_OBJC_MSGSEND = YES;
				GCC_C_LANGUAGE_STANDARD = gnu11;
				GCC_NO_COMMON_BLOCKS = YES;
				GCC_WARN_64_TO_32_BIT_CONVERSION = YES;
				GCC_WARN_ABOUT_RETURN_TYPE = YES_ERROR;
				GCC_WARN_UNDECLARED_SELECTOR = YES;
				GCC_WARN_UNINITIALIZED_AUTOS = YES_AGGRESSIVE;
				GCC_WARN_UNUSED_FUNCTION = YES;
				GCC_WARN_UNUSED_VARIABLE = YES;
				IPHONEOS_DEPLOYMENT_TARGET = 16.2;
				MTL_ENABLE_DEBUG_INFO = NO;
				MTL_FAST_MATH = YES;
				SDKROOT = iphoneos;
				SWIFT_COMPILATION_MODE = wholemodule;
				SWIFT_OPTIMIZATION_LEVEL = "-O";
				VALIDATE_PRODUCT = YES;
			};
			name = Release;
		};
		60EEE514296DA35C009FC8BD /* Debug */ = {
			isa = XCBuildConfiguration;
			buildSettings = {
				ASSETCATALOG_COMPILER_APPICON_NAME = AppIcon;
				ASSETCATALOG_COMPILER_GLOBAL_ACCENT_COLOR_NAME = AccentColor;
				CODE_SIGN_STYLE = Automatic;
				CURRENT_PROJECT_VERSION = 1;
				GENERATE_INFOPLIST_FILE = YES;
				INFOPLIST_FILE = ChatApp/Info.plist;
				INFOPLIST_KEY_NSCameraUsageDescription = "Please allow to take profile pic";
				INFOPLIST_KEY_NSPhotoLibraryUsageDescription = "Please allow access to photos in your device";
				INFOPLIST_KEY_UIApplicationSupportsIndirectInputEvents = "";
				INFOPLIST_KEY_UILaunchStoryboardName = LaunchScreen;
				INFOPLIST_KEY_UIMainStoryboardFile = Main;
				INFOPLIST_KEY_UISupportedInterfaceOrientations = UIInterfaceOrientationPortrait;
				LD_RUNPATH_SEARCH_PATHS = (
					"$(inherited)",
					"@executable_path/Frameworks",
				);
				MARKETING_VERSION = 1.0;
				PRODUCT_BUNDLE_IDENTIFIER = com.devckrishna.ChatApp;
				PRODUCT_NAME = "$(TARGET_NAME)";
				SWIFT_EMIT_LOC_STRINGS = YES;
				SWIFT_VERSION = 5.0;
				TARGETED_DEVICE_FAMILY = "1,2";
			};
			name = Debug;
		};
		60EEE515296DA35C009FC8BD /* Release */ = {
			isa = XCBuildConfiguration;
			buildSettings = {
				ASSETCATALOG_COMPILER_APPICON_NAME = AppIcon;
				ASSETCATALOG_COMPILER_GLOBAL_ACCENT_COLOR_NAME = AccentColor;
				CODE_SIGN_STYLE = Automatic;
				CURRENT_PROJECT_VERSION = 1;
				GENERATE_INFOPLIST_FILE = YES;
				INFOPLIST_FILE = ChatApp/Info.plist;
				INFOPLIST_KEY_NSCameraUsageDescription = "Please allow to take profile pic";
				INFOPLIST_KEY_NSPhotoLibraryUsageDescription = "Please allow access to photos in your device";
				INFOPLIST_KEY_UIApplicationSupportsIndirectInputEvents = "";
				INFOPLIST_KEY_UILaunchStoryboardName = LaunchScreen;
				INFOPLIST_KEY_UIMainStoryboardFile = Main;
				INFOPLIST_KEY_UISupportedInterfaceOrientations = UIInterfaceOrientationPortrait;
				LD_RUNPATH_SEARCH_PATHS = (
					"$(inherited)",
					"@executable_path/Frameworks",
				);
				MARKETING_VERSION = 1.0;
				PRODUCT_BUNDLE_IDENTIFIER = com.devckrishna.ChatApp;
				PRODUCT_NAME = "$(TARGET_NAME)";
				SWIFT_EMIT_LOC_STRINGS = YES;
				SWIFT_VERSION = 5.0;
				TARGETED_DEVICE_FAMILY = "1,2";
			};
			name = Release;
		};
/* End XCBuildConfiguration section */

/* Begin XCConfigurationList section */
		60EEE4FA296DA35B009FC8BD /* Build configuration list for PBXProject "ChatApp" */ = {
			isa = XCConfigurationList;
			buildConfigurations = (
				60EEE511296DA35C009FC8BD /* Debug */,
				60EEE512296DA35C009FC8BD /* Release */,
			);
			defaultConfigurationIsVisible = 0;
			defaultConfigurationName = Release;
		};
		60EEE513296DA35C009FC8BD /* Build configuration list for PBXNativeTarget "ChatApp" */ = {
			isa = XCConfigurationList;
			buildConfigurations = (
				60EEE514296DA35C009FC8BD /* Debug */,
				60EEE515296DA35C009FC8BD /* Release */,
			);
			defaultConfigurationIsVisible = 0;
			defaultConfigurationName = Release;
		};
/* End XCConfigurationList section */

/* Begin XCRemoteSwiftPackageReference section */
		60B97679297190A8009D35DA /* XCRemoteSwiftPackageReference "firebase-ios-sdk" */ = {
			isa = XCRemoteSwiftPackageReference;
			repositoryURL = "https://github.com/firebase/firebase-ios-sdk.git";
			requirement = {
				kind = upToNextMajorVersion;
				minimumVersion = 9.0.0;
			};
		};
		60B976822971918E009D35DA /* XCRemoteSwiftPackageReference "GoogleSignIn-iOS" */ = {
			isa = XCRemoteSwiftPackageReference;
			repositoryURL = "https://github.com/google/GoogleSignIn-iOS.git";
			requirement = {
				kind = upToNextMajorVersion;
				minimumVersion = 7.0.0;
			};
		};
		60B97685297199F8009D35DA /* XCRemoteSwiftPackageReference "MessageKit" */ = {
			isa = XCRemoteSwiftPackageReference;
			repositoryURL = "https://github.com/MessageKit/MessageKit";
			requirement = {
				kind = upToNextMajorVersion;
				minimumVersion = 4.0.0;
			};
		};
		60B9768829719A5C009D35DA /* XCRemoteSwiftPackageReference "JGProgressHUD" */ = {
			isa = XCRemoteSwiftPackageReference;
			repositoryURL = "https://github.com/JonasGessner/JGProgressHUD.git";
			requirement = {
				kind = upToNextMajorVersion;
				minimumVersion = 2.0.0;
			};
		};
		60B9768B29719ABB009D35DA /* XCRemoteSwiftPackageReference "realm-swift" */ = {
			isa = XCRemoteSwiftPackageReference;
			repositoryURL = "https://github.com/realm/realm-swift.git";
			requirement = {
				branch = master;
				kind = branch;
			};
		};
		60B9768E29719AF4009D35DA /* XCRemoteSwiftPackageReference "SDWebImage" */ = {
			isa = XCRemoteSwiftPackageReference;
			repositoryURL = "https://github.com/SDWebImage/SDWebImage.git";
			requirement = {
				kind = upToNextMajorVersion;
				minimumVersion = 5.0.0;
			};
		};
/* End XCRemoteSwiftPackageReference section */

/* Begin XCSwiftPackageProductDependency section */
		60B9767A297190A8009D35DA /* FirebaseAuth */ = {
			isa = XCSwiftPackageProductDependency;
			package = 60B97679297190A8009D35DA /* XCRemoteSwiftPackageReference "firebase-ios-sdk" */;
			productName = FirebaseAuth;
		};
		60B9767C297190A8009D35DA /* FirebaseDatabase */ = {
			isa = XCSwiftPackageProductDependency;
			package = 60B97679297190A8009D35DA /* XCRemoteSwiftPackageReference "firebase-ios-sdk" */;
			productName = FirebaseDatabase;
		};
		60B9767E297190A8009D35DA /* FirebaseFirestore */ = {
			isa = XCSwiftPackageProductDependency;
			package = 60B97679297190A8009D35DA /* XCRemoteSwiftPackageReference "firebase-ios-sdk" */;
			productName = FirebaseFirestore;
		};
		60B97680297190A8009D35DA /* FirebaseStorage */ = {
			isa = XCSwiftPackageProductDependency;
			package = 60B97679297190A8009D35DA /* XCRemoteSwiftPackageReference "firebase-ios-sdk" */;
			productName = FirebaseStorage;
		};
		60B976832971918E009D35DA /* GoogleSignIn */ = {
			isa = XCSwiftPackageProductDependency;
			package = 60B976822971918E009D35DA /* XCRemoteSwiftPackageReference "GoogleSignIn-iOS" */;
			productName = GoogleSignIn;
		};
		60B97686297199F8009D35DA /* MessageKit */ = {
			isa = XCSwiftPackageProductDependency;
			package = 60B97685297199F8009D35DA /* XCRemoteSwiftPackageReference "MessageKit" */;
			productName = MessageKit;
		};
		60B9768929719A5C009D35DA /* JGProgressHUD */ = {
			isa = XCSwiftPackageProductDependency;
			package = 60B9768829719A5C009D35DA /* XCRemoteSwiftPackageReference "JGProgressHUD" */;
			productName = JGProgressHUD;
		};
		60B9768C29719ABB009D35DA /* RealmSwift */ = {
			isa = XCSwiftPackageProductDependency;
			package = 60B9768B29719ABB009D35DA /* XCRemoteSwiftPackageReference "realm-swift" */;
			productName = RealmSwift;
		};
		60B9768F29719AF4009D35DA /* SDWebImage */ = {
			isa = XCSwiftPackageProductDependency;
			package = 60B9768E29719AF4009D35DA /* XCRemoteSwiftPackageReference "SDWebImage" */;
			productName = SDWebImage;
		};
/* End XCSwiftPackageProductDependency section */
	};
	rootObject = 60EEE4F7296DA35B009FC8BD /* Project object */;
}
